
Microsoft Visual Studio Solution File, Format Version 12.00
# Visual Studio Version 16
VisualStudioVersion = 16.0.31205.134
MinimumVisualStudioVersion = 10.0.40219.1
Project("{FAE04EC0-301F-11D3-BF4B-00C04F79EFBC}") = "BlazorApp5", "BlazorApp5\BlazorApp5.csproj", "{2B640720-897D-41C8-A9F3-029011D70791}"
EndProject
Global
	GlobalSection(SolutionConfigurationPlatforms) = preSolution
		Debug|Any CPU = Debug|Any CPU
		Release|Any CPU = Release|Any CPU
	EndGlobalSection
	GlobalSection(ProjectConfigurationPlatforms) = postSolution
		{2B640720-897D-41C8-A9F3-029011D70791}.Debug|Any CPU.ActiveCfg = Debug|Any CPU
		{2B640720-897D-41C8-A9F3-029011D70791}.Debug|Any CPU.Build.0 = Debug|Any CPU
		{2B640720-897D-41C8-A9F3-029011D70791}.Release|Any CPU.ActiveCfg = Release|Any CPU
		{2B640720-897D-41C8-A9F3-029011D70791}.Release|Any CPU.Build.0 = Release|Any CPU
	EndGlobalSection
	GlobalSection(SolutionProperties) = preSolution
		HideSolutionNode = FALSE
	EndGlobalSection
	GlobalSection(ExtensibilityGlobals) = postSolution
		SolutionGuid = {95EC1FAF-BBBF-44A8-A403-F7629775E18F}
	EndGlobalSection
EndGlobal
